
Microsoft Visual Studio Solution File, Format Version 12.00
# Visual Studio 15
VisualStudioVersion = 15.0.27703.2042
MinimumVisualStudioVersion = 10.0.40219.1
Project("{FAE04EC0-301F-11D3-BF4B-00C04F79EFBC}") = "Web_AutoFac_RegisterGeneric", "Web_AutoFac_RegisterGeneric\Web_AutoFac_RegisterGeneric.csproj", "{799BF55C-B45B-470F-AD4E-C3F2BA215C41}"
EndProject
Global
	GlobalSection(SolutionConfigurationPlatforms) = preSolution
		Debug|Any CPU = Debug|Any CPU
		Release|Any CPU = Release|Any CPU
	EndGlobalSection
	GlobalSection(ProjectConfigurationPlatforms) = postSolution
		{799BF55C-B45B-470F-AD4E-C3F2BA215C41}.Debug|Any CPU.ActiveCfg = Debug|Any CPU
		{799BF55C-B45B-470F-AD4E-C3F2BA215C41}.Debug|Any CPU.Build.0 = Debug|Any CPU
		{799BF55C-B45B-470F-AD4E-C3F2BA215C41}.Release|Any CPU.ActiveCfg = Release|Any CPU
		{799BF55C-B45B-470F-AD4E-C3F2BA215C41}.Release|Any CPU.Build.0 = Release|Any CPU
	EndGlobalSection
	GlobalSection(SolutionProperties) = preSolution
		HideSolutionNode = FALSE
	EndGlobalSection
	GlobalSection(ExtensibilityGlobals) = postSolution
		SolutionGuid = {FD7CA60B-D25B-46A9-AC9B-E8069CE9756D}
	EndGlobalSection
EndGlobal
